
Microsoft Visual Studio Solution File, Format Version 12.00
# Visual Studio Version 17
VisualStudioVersion = 17.2.32526.322
MinimumVisualStudioVersion = 10.0.40219.1
Project("{FAE04EC0-301F-11D3-BF4B-00C04F79EFBC}") = "MindMappingBuilder", "MindMappingBuilder\MindMappingBuilder.csproj", "{6F3C4EFA-20C9-400D-BCF2-055B7825A49B}"
EndProject
Project("{2150E333-8FDC-42A3-9474-1A3956D46DE8}") = "NewFolder1", "NewFolder1", "{430CCA82-C65E-4D3F-AE7A-F2D512ADEF2F}"
EndProject
Global
	GlobalSection(SolutionConfigurationPlatforms) = preSolution
		Debug|Any CPU = Debug|Any CPU
		Release|Any CPU = Release|Any CPU
	EndGlobalSection
	GlobalSection(ProjectConfigurationPlatforms) = postSolution
		{6F3C4EFA-20C9-400D-BCF2-055B7825A49B}.Debug|Any CPU.ActiveCfg = Debug|Any CPU
		{6F3C4EFA-20C9-400D-BCF2-055B7825A49B}.Debug|Any CPU.Build.0 = Debug|Any CPU
		{6F3C4EFA-20C9-400D-BCF2-055B7825A49B}.Release|Any CPU.ActiveCfg = Release|Any CPU
		{6F3C4EFA-20C9-400D-BCF2-055B7825A49B}.Release|Any CPU.Build.0 = Release|Any CPU
	EndGlobalSection
	GlobalSection(SolutionProperties) = preSolution
		HideSolutionNode = FALSE
	EndGlobalSection
	GlobalSection(ExtensibilityGlobals) = postSolution
		SolutionGuid = {5C63BF5C-D241-4710-842D-1D57AC098738}
	EndGlobalSection
EndGlobal
